
Microsoft Visual Studio Solution File, Format Version 12.00
# Visual Studio Version 17
VisualStudioVersion = 17.6.33801.468
MinimumVisualStudioVersion = 10.0.40219.1
Project("{FAE04EC0-301F-11D3-BF4B-00C04F79EFBC}") = "RustGameAPI", "RustGameAPI\RustGameAPI.csproj", "{AD427E31-3397-4425-A0D4-ED792C068FB9}"
EndProject
Global
	GlobalSection(SolutionConfigurationPlatforms) = preSolution
		Debug|Any CPU = Debug|Any CPU
		Release|Any CPU = Release|Any CPU
	EndGlobalSection
	GlobalSection(ProjectConfigurationPlatforms) = postSolution
		{AD427E31-3397-4425-A0D4-ED792C068FB9}.Debug|Any CPU.ActiveCfg = Debug|Any CPU
		{AD427E31-3397-4425-A0D4-ED792C068FB9}.Debug|Any CPU.Build.0 = Debug|Any CPU
		{AD427E31-3397-4425-A0D4-ED792C068FB9}.Release|Any CPU.ActiveCfg = Release|Any CPU
		{AD427E31-3397-4425-A0D4-ED792C068FB9}.Release|Any CPU.Build.0 = Release|Any CPU
	EndGlobalSection
	GlobalSection(SolutionProperties) = preSolution
		HideSolutionNode = FALSE
	EndGlobalSection
	GlobalSection(ExtensibilityGlobals) = postSolution
		SolutionGuid = {055549FB-5C17-47DA-9868-2D4C6F72EEF9}
	EndGlobalSection
EndGlobal
